PODS:
  - ZFPlayer-moolban (3.1.0.1):
    - ZFPlayer-moolban/Core (= 3.1.0.1)
  - ZFPlayer-moolban/AVPlayer (3.1.0.1):
    - ZFPlayer-moolban/Core
  - ZFPlayer-moolban/ControlView (3.1.0.1):
    - ZFPlayer-moolban/Core
  - ZFPlayer-moolban/Core (3.1.0.1)

DEPENDENCIES:
  - ZFPlayer-moolban (from `../`)
  - ZFPlayer-moolban/AVPlayer (from `../`)
  - ZFPlayer-moolban/ControlView (from `../`)

EXTERNAL SOURCES:
  ZFPlayer-moolban:
    :path: "../"

SPEC CHECKSUMS:
  ZFPlayer-moolban: e815498682f5851b5a3a7a9164a3fdfce1c4baf4

PODFILE CHECKSUM: 0e1e5190d72a973e4c1ca8272dabeba59015fc93

COCOAPODS: 1.5.3
