PODS:
  - ZFPlayer-moolban (3.0.6.4):
    - ZFPlayer-moolban/Core (= 3.0.6.4)
  - ZFPlayer-moolban/AVPlayer (3.0.6.4):
    - ZFPlayer-moolban/Core
  - ZFPlayer-moolban/ControlView (3.0.6.4):
    - ZFPlayer-moolban/Core
  - ZFPlayer-moolban/Core (3.0.6.4)

DEPENDENCIES:
  - ZFPlayer-moolban (from `../`)
  - ZFPlayer-moolban/AVPlayer (from `../`)
  - ZFPlayer-moolban/ControlView (from `../`)

EXTERNAL SOURCES:
  ZFPlayer-moolban:
    :path: "../"

SPEC CHECKSUMS:
  ZFPlayer-moolban: c37dfeffc000ae553c958c12c526cf93402d7af6

PODFILE CHECKSUM: 81998541a801ed69aa335aa691f4ffcf2b7a910a

COCOAPODS: 1.5.3
